PODS:
  - Flutter (1.0.0)
  - jete_tws_sdk (0.0.1):
    - Flutter

DEPENDENCIES:
  - Flutter (from `Flutter`)
  - jete_tws_sdk (from `.symlinks/plugins/jete_tws_sdk/ios`)

EXTERNAL SOURCES:
  Flutter:
    :path: Flutter
  jete_tws_sdk:
    :path: ".symlinks/plugins/jete_tws_sdk/ios"

SPEC CHECKSUMS:
  Flutter: e0871f40cf51350855a761d2e70bf5af5b9b5de7
  jete_tws_sdk: 6a25dd172b1e5488f66f320ed5a6b0d7f6471eb5

PODFILE CHECKSUM: 4e8f8b2be68aeea4c0d5beb6ff1e79fface1d048

COCOAPODS: 1.12.1
