PODS:
  - Flutter (1.0.0)
  - jete_tws_sdk (0.0.1):
    - Flutter

DEPENDENCIES:
  - Flutter (from `Flutter`)
  - jete_tws_sdk (from `.symlinks/plugins/jete_tws_sdk/ios`)

EXTERNAL SOURCES:
  Flutter:
    :path: Flutter
  jete_tws_sdk:
    :path: ".symlinks/plugins/jete_tws_sdk/ios"

SPEC CHECKSUMS:
  Flutter: f04841e97a9d0b0a8025694d0796dd46242b2854
  jete_tws_sdk: 0253180d36e5ffd92747572eb6626dbf5630e384

PODFILE CHECKSUM: 7368163408c647b7eb699d0d788ba6718e18fb8d

COCOAPODS: 1.12.1
